{
  "originHash" : "fb9ac36071f364d419c527ac181073d029907ab8c2d0a2cf5e1dbf2b4a353436",
  "pins" : [
    {
      "identity" : "generative-ai-swift",
      "kind" : "remoteSourceControl",
      "location" : "https://github.com/google/generative-ai-swift",
      "state" : {
        "revision" : "e2cebcd90645a3a94c0c823696e510a176bc384a",
        "version" : "0.4.8"
      }
    }
  ],
  "version" : 3
}
